github.com/boltdb/bolt v1.3.1 h1:JQmyP4ZBrce+ZQu0dY660FMfatumYDLun9hBCUVIkF4=
github.com/boltdb/bolt v1.3.1/go.mod h1:clJnj/oiGkjum5o1McbSZDSLxVThjynRyGBgiAx27Ps=
golang.org/x/sys v0.0.0-20190920190810-ef0ce1748380 h1:pWpXa9KDLGZQe5bzYO50QaTE0ddH+vzBKtP32311cD8=
golang.org/x/sys v0.0.0-20190920190810-ef0ce1748380/go.mod h1:h1NjWce9XRLGQEsW7wpKNCjG9DtNlClVuFLEZdDNbEs=
